<?xml version="1.0" encoding="utf-8"?>
<Project ToolsVersion="4.0" xmlns="http://schemas.microsoft.com/developer/msbuild/2003">
  <ItemGroup>
    <Filter Include="Source Files">
      <UniqueIdentifier>{4FC737F1-C7A5-4376-A066-2A32D752A2FF}</UniqueIdentifier>
      <Extensions>cpp;c;cc;cxx;def;odl;idl;hpj;bat;asm;asmx</Extensions>
    </Filter>
    <Filter Include="Header Files">
      <UniqueIdentifier>{93995380-89BD-4b04-88EB-625FBE52EBFB}</UniqueIdentifier>
      <Extensions>h;hpp;hxx;hm;inl;inc;xsd</Extensions>
    </Filter>
    <Filter Include="Resource Files">
      <UniqueIdentifier>{67DA6AB6-F800-4c08-8B7A-83BB121AAD01}</UniqueIdentifier>
      <Extensions>rc;ico;cur;bmp;dlg;rc2;rct;bin;rgs;gif;jpg;jpeg;jpe;resx;tiff;tif;png;wav;mfcribbon-ms</Extensions>
    </Filter>
  </ItemGroup>
  <ItemGroup>
    <ClCompile Include="Src\dllmain.cpp">
      <Filter>Source Files</Filter>
    </ClCompile>
    <ClCompile Include="Src\DataBase\BigintColumn.cpp">
      <Filter>Source Files</Filter>
    </ClCompile>
    <ClCompile Include="Src\DataBase\BoolColumn.cpp">
      <Filter>Source Files</Filter>
    </ClCompile>
    <ClCompile Include="Src\DataBase\Column.cpp">
      <Filter>Source Files</Filter>
    </ClCompile>
    <ClCompile Include="Src\DataBase\Database.cpp">
      <Filter>Source Files</Filter>
    </ClCompile>
    <ClCompile Include="Src\DataBase\DoubleColumn.cpp">
      <Filter>Source Files</Filter>
    </ClCompile>
    <ClCompile Include="Src\DataBase\Exception.cpp">
      <Filter>Source Files</Filter>
    </ClCompile>
    <ClCompile Include="Src\DataBase\IntColumn.cpp">
      <Filter>Source Files</Filter>
    </ClCompile>
    <ClCompile Include="Src\DataBase\LongColumn.cpp">
      <Filter>Source Files</Filter>
    </ClCompile>
    <ClCompile Include="Src\DataBase\Query.cpp">
      <Filter>Source Files</Filter>
    </ClCompile>
    <ClCompile Include="Src\DataBase\ScopedTransaction.cpp">
      <Filter>Source Files</Filter>
    </ClCompile>
    <ClCompile Include="Src\DataBase\StringColumn.cpp">
      <Filter>Source Files</Filter>
    </ClCompile>
    <ClCompile Include="Src\Crypt\Cipher.cpp">
      <Filter>Source Files</Filter>
    </ClCompile>
    <ClCompile Include="Src\Crypt\RSA.cpp">
      <Filter>Source Files</Filter>
    </ClCompile>
    <ClCompile Include="Src\System\DBWorkQueue.cpp">
      <Filter>Source Files</Filter>
    </ClCompile>
    <ClCompile Include="Src\System\EventEmitter.cpp">
      <Filter>Source Files</Filter>
    </ClCompile>
    <ClCompile Include="Src\System\Log.cpp">
      <Filter>Source Files</Filter>
    </ClCompile>
    <ClCompile Include="Src\System\Tools.cpp">
      <Filter>Source Files</Filter>
    </ClCompile>
    <ClCompile Include="Src\System\WorkQueue.cpp">
      <Filter>Source Files</Filter>
    </ClCompile>
    <ClCompile Include="Src\Network\IoServicePool.cpp">
      <Filter>Source Files</Filter>
    </ClCompile>
    <ClCompile Include="Src\Network\Packet.cpp">
      <Filter>Source Files</Filter>
    </ClCompile>
    <ClCompile Include="Src\Network\Server.cpp">
      <Filter>Source Files</Filter>
    </ClCompile>
    <ClCompile Include="Src\Network\Connection.cpp">
      <Filter>Source Files</Filter>
    </ClCompile>
    <ClCompile Include="Src\Network\TimeConnection.cpp">
      <Filter>Source Files</Filter>
    </ClCompile>
    <ClCompile Include="Src\Network\TimeServer.cpp">
      <Filter>Source Files</Filter>
    </ClCompile>
    <ClCompile Include="Src\Network\Stream.cpp">
      <Filter>Source Files</Filter>
    </ClCompile>
  </ItemGroup>
  <ItemGroup>
    <ClInclude Include="Src\DataBase\Column.h">
      <Filter>Header Files</Filter>
    </ClInclude>
    <ClInclude Include="Src\DataBase\ColumnPimplData_i.h">
      <Filter>Header Files</Filter>
    </ClInclude>
    <ClInclude Include="Src\DataBase\Database.h">
      <Filter>Header Files</Filter>
    </ClInclude>
    <ClInclude Include="Src\DataBase\DatabasePimplData_i.h">
      <Filter>Header Files</Filter>
    </ClInclude>
    <ClInclude Include="Src\DataBase\Exception.h">
      <Filter>Header Files</Filter>
    </ClInclude>
    <ClInclude Include="Src\DataBase\macros.h">
      <Filter>Header Files</Filter>
    </ClInclude>
    <ClInclude Include="Src\DataBase\Query.h">
      <Filter>Header Files</Filter>
    </ClInclude>
    <ClInclude Include="Src\DataBase\QueryPimplData_i.h">
      <Filter>Header Files</Filter>
    </ClInclude>
    <ClInclude Include="Src\DataBase\ScopedTransaction.h">
      <Filter>Header Files</Filter>
    </ClInclude>
    <ClInclude Include="Src\DataBase\SimpleDB.h">
      <Filter>Header Files</Filter>
    </ClInclude>
    <ClInclude Include="Src\DataBase\sqlwrap.h">
      <Filter>Header Files</Filter>
    </ClInclude>
    <ClInclude Include="Src\Crypt\Cipher.h">
      <Filter>Header Files</Filter>
    </ClInclude>
    <ClInclude Include="Src\Crypt\RSA.h">
      <Filter>Header Files</Filter>
    </ClInclude>
    <ClInclude Include="Src\System\DBWorkQueue.h">
      <Filter>Header Files</Filter>
    </ClInclude>
    <ClInclude Include="Src\System\Event.h">
      <Filter>Header Files</Filter>
    </ClInclude>
    <ClInclude Include="Src\System\EventEmitter.h">
      <Filter>Header Files</Filter>
    </ClInclude>
    <ClInclude Include="Src\System\EventListener.h">
      <Filter>Header Files</Filter>
    </ClInclude>
    <ClInclude Include="Src\System\Job.h">
      <Filter>Header Files</Filter>
    </ClInclude>
    <ClInclude Include="Src\System\Log.h">
      <Filter>Header Files</Filter>
    </ClInclude>
    <ClInclude Include="Src\System\Tools.h">
      <Filter>Header Files</Filter>
    </ClInclude>
    <ClInclude Include="Src\System\WorkQueue.h">
      <Filter>Header Files</Filter>
    </ClInclude>
    <ClInclude Include="Src\DAO\DAO.h">
      <Filter>Header Files</Filter>
    </ClInclude>
    <ClInclude Include="Src\Network\Packet.h">
      <Filter>Header Files</Filter>
    </ClInclude>
    <ClInclude Include="Src\Network\IoServicePool.h">
      <Filter>Header Files</Filter>
    </ClInclude>
    <ClInclude Include="Src\Network\Server.h">
      <Filter>Header Files</Filter>
    </ClInclude>
    <ClInclude Include="Src\Network\Connection.h">
      <Filter>Header Files</Filter>
    </ClInclude>
    <ClInclude Include="Src\Network\TimeConnection.h">
      <Filter>Header Files</Filter>
    </ClInclude>
    <ClInclude Include="Src\Network\TimeServer.h">
      <Filter>Header Files</Filter>
    </ClInclude>
    <ClInclude Include="Src\Network\Stream.h">
      <Filter>Header Files</Filter>
    </ClInclude>
  </ItemGroup>
</Project>